
Microsoft Visual Studio Solution File, Format Version 12.00
# Visual Studio Version 17
VisualStudioVersion = 17.9.34714.143
MinimumVisualStudioVersion = 10.0.40219.1
Project("{FAE04EC0-301F-11D3-BF4B-00C04F79EFBC}") = "AuthenticationExe.Business", "AuthenticationExe.Business\AuthenticationExe.Business.csproj", "{976D8AB0-6D95-4D67-A878-8E0BA32EA1EF}"
EndProject
Project("{FAE04EC0-301F-11D3-BF4B-00C04F79EFBC}") = "AuthenticationExe.Data", "AuthenticationExe.Data\AuthenticationExe.Data.csproj", "{B4976773-4525-4404-AC65-5F3CBF7F9270}"
EndProject
Project("{FAE04EC0-301F-11D3-BF4B-00C04F79EFBC}") = "AuthenticationExe.WebUI", "AuthenticationExe.WebUI\AuthenticationExe.WebUI.csproj", "{AA855C39-0CC1-4056-A330-A5B6D396E350}"
EndProject
Global
	GlobalSection(SolutionConfigurationPlatforms) = preSolution
		Debug|Any CPU = Debug|Any CPU
		Release|Any CPU = Release|Any CPU
	EndGlobalSection
	GlobalSection(ProjectConfigurationPlatforms) = postSolution
		{976D8AB0-6D95-4D67-A878-8E0BA32EA1EF}.Debug|Any CPU.ActiveCfg = Debug|Any CPU
		{976D8AB0-6D95-4D67-A878-8E0BA32EA1EF}.Debug|Any CPU.Build.0 = Debug|Any CPU
		{976D8AB0-6D95-4D67-A878-8E0BA32EA1EF}.Release|Any CPU.ActiveCfg = Release|Any CPU
		{976D8AB0-6D95-4D67-A878-8E0BA32EA1EF}.Release|Any CPU.Build.0 = Release|Any CPU
		{B4976773-4525-4404-AC65-5F3CBF7F9270}.Debug|Any CPU.ActiveCfg = Debug|Any CPU
		{B4976773-4525-4404-AC65-5F3CBF7F9270}.Debug|Any CPU.Build.0 = Debug|Any CPU
		{B4976773-4525-4404-AC65-5F3CBF7F9270}.Release|Any CPU.ActiveCfg = Release|Any CPU
		{B4976773-4525-4404-AC65-5F3CBF7F9270}.Release|Any CPU.Build.0 = Release|Any CPU
		{AA855C39-0CC1-4056-A330-A5B6D396E350}.Debug|Any CPU.ActiveCfg = Debug|Any CPU
		{AA855C39-0CC1-4056-A330-A5B6D396E350}.Debug|Any CPU.Build.0 = Debug|Any CPU
		{AA855C39-0CC1-4056-A330-A5B6D396E350}.Release|Any CPU.ActiveCfg = Release|Any CPU
		{AA855C39-0CC1-4056-A330-A5B6D396E350}.Release|Any CPU.Build.0 = Release|Any CPU
	EndGlobalSection
	GlobalSection(SolutionProperties) = preSolution
		HideSolutionNode = FALSE
	EndGlobalSection
	GlobalSection(ExtensibilityGlobals) = postSolution
		SolutionGuid = {6A9614C5-A1E7-4320-87EB-B7FC3763962A}
	EndGlobalSection
EndGlobal
